// !$*UTF8*$!
{
	archiveVersion = 1;
	classes = {
	};
	objectVersion = 46;
	objects = {

/* Begin PBXBuildFile section */
		9F9739C71D31C99500CA28C3 /* AppDelegate.swift in Sources */ = {isa = PBXBuildFile; fileRef = 9F9739C61D31C99500CA28C3 /* AppDelegate.swift */; };
		9F9739C91D31C99500CA28C3 /* ViewController.swift in Sources */ = {isa = PBXBuildFile; fileRef = 9F9739C81D31C99500CA28C3 /* ViewController.swift */; };
		9F9739CC1D31C99500CA28C3 /* Main.storyboard in Resources */ = {isa = PBXBuildFile; fileRef = 9F9739CA1D31C99500CA28C3 /* Main.storyboard */; };
		9F9739CE1D31C99500CA28C3 /* Assets.xcassets in Resources */ = {isa = PBXBuildFile; fileRef = 9F9739CD1D31C99500CA28C3 /* Assets.xcassets */; };
		9F9739D11D31C99500CA28C3 /* LaunchScreen.storyboard in Resources */ = {isa = PBXBuildFile; fileRef = 9F9739CF1D31C99500CA28C3 /* LaunchScreen.storyboard */; };
		9F9739DC1D31C99500CA28C3 /* layoutTests.swift in Sources */ = {isa = PBXBuildFile; fileRef = 9F9739DB1D31C99500CA28C3 /* layoutTests.swift */; };
		9F9739E71D31C99500CA28C3 /* layoutUITests.swift in Sources */ = {isa = PBXBuildFile; fileRef = 9F9739E61D31C99500CA28C3 /* layoutUITests.swift */; };
/* End PBXBuildFile section */

/* Begin PBXContainerItemProxy section */
		9F9739D81D31C99500CA28C3 /* PBXContainerItemProxy */ = {
			isa = PBXContainerItemProxy;
			containerPortal = 9F9739BB1D31C99500CA28C3 /* Project object */;
			proxyType = 1;
			remoteGlobalIDString = 9F9739C21D31C99500CA28C3;
			remoteInfo = layout;
		};
		9F9739E31D31C99500CA28C3 /* PBXContainerItemProxy */ = {
			isa = PBXContainerItemProxy;
			containerPortal = 9F9739BB1D31C99500CA28C3 /* Project object */;
			proxyType = 1;
			remoteGlobalIDString = 9F9739C21D31C99500CA28C3;
			remoteInfo = layout;
		};
/* End PBXContainerItemProxy section */

/* Begin PBXFileReference section */
		9F9739C31D31C99500CA28C3 /* layout.app */ = {isa = PBXFileReference; explicitFileType = wrapper.application; includeInIndex = 0; path = layout.app; sourceTree = BUILT_PRODUCTS_DIR; };
		9F9739C61D31C99500CA28C3 /* AppDelegate.swift */ = {isa = PBXFileReference; lastKnownFileType = sourcecode.swift; path = AppDelegate.swift; sourceTree = "<group>"; };
		9F9739C81D31C99500CA28C3 /* ViewController.swift */ = {isa = PBXFileReference; lastKnownFileType = sourcecode.swift; path = ViewController.swift; sourceTree = "<group>"; };
		9F9739CB1D31C99500CA28C3 /* Base */ = {isa = PBXFileReference; lastKnownFileType = file.storyboard; name = Base; path = Base.lproj/Main.storyboard; sourceTree = "<group>"; };
		9F9739CD1D31C99500CA28C3 /* Assets.xcassets */ = {isa = PBXFileReference; lastKnownFileType = folder.assetcatalog; path = Assets.xcassets; sourceTree = "<group>"; };
		9F9739D01D31C99500CA28C3 /* Base */ = {isa = PBXFileReference; lastKnownFileType = file.storyboard; name = Base; path = Base.lproj/LaunchScreen.storyboard; sourceTree = "<group>"; };
		9F9739D21D31C99500CA28C3 /* Info.plist */ = {isa = PBXFileReference; lastKnownFileType = text.plist.xml; path = Info.plist; sourceTree = "<group>"; };
		9F9739D71D31C99500CA28C3 /* layoutTests.xctest */ = {isa = PBXFileReference; explicitFileType = wrapper.cfbundle; includeInIndex = 0; path = layoutTests.xctest; sourceTree = BUILT_PRODUCTS_DIR; };
		9F9739DB1D31C99500CA28C3 /* layoutTests.swift */ = {isa = PBXFileReference; lastKnownFileType = sourcecode.swift; path = layoutTests.swift; sourceTree = "<group>"; };
		9F9739DD1D31C99500CA28C3 /* Info.plist */ = {isa = PBXFileReference; lastKnownFileType = text.plist.xml; path = Info.plist; sourceTree = "<group>"; };
		9F9739E21D31C99500CA28C3 /* layoutUITests.xctest */ = {isa = PBXFileReference; explicitFileType = wrapper.cfbundle; includeInIndex = 0; path = layoutUITests.xctest; sourceTree = BUILT_PRODUCTS_DIR; };
		9F9739E61D31C99500CA28C3 /* layoutUITests.swift */ = {isa = PBXFileReference; lastKnownFileType = sourcecode.swift; path = layoutUITests.swift; sourceTree = "<group>"; };
		9F9739E81D31C99500CA28C3 /* Info.plist */ = {isa = PBXFileReference; lastKnownFileType = text.plist.xml; path = Info.plist; sourceTree = "<group>"; };
/* End PBXFileReference section */

/* Begin PBXFrameworksBuildPhase section */
		9F9739C01D31C99500CA28C3 /* Frameworks */ = {
			isa = PBXFrameworksBuildPhase;
			buildActionMask = 2147483647;
			files = (
			);
			runOnlyForDeploymentPostprocessing = 0;
		};
		9F9739D41D31C99500CA28C3 /* Frameworks */ = {
			isa = PBXFrameworksBuildPhase;
			buildActionMask = 2147483647;
			files = (
			);
			runOnlyForDeploymentPostprocessing = 0;
		};
		9F9739DF1D31C99500CA28C3 /* Frameworks */ = {
			isa = PBXFrameworksBuildPhase;
			buildActionMask = 2147483647;
			files = (
			);
			runOnlyForDeploymentPostprocessing = 0;
		};
/* End PBXFrameworksBuildPhase section */

/* Begin PBXGroup section */
		9F9739BA1D31C99500CA28C3 = {
			isa = PBXGroup;
			children = (
				9F9739C51D31C99500CA28C3 /* layout */,
				9F9739DA1D31C99500CA28C3 /* layoutTests */,
				9F9739E51D31C99500CA28C3 /* layoutUITests */,
				9F9739C41D31C99500CA28C3 /* Products */,
			);
			sourceTree = "<group>";
		};
		9F9739C41D31C99500CA28C3 /* Products */ = {
			isa = PBXGroup;
			children = (
				9F9739C31D31C99500CA28C3 /* layout.app */,
				9F9739D71D31C99500CA28C3 /* layoutTests.xctest */,
				9F9739E21D31C99500CA28C3 /* layoutUITests.xctest */,
			);
			name = Products;
			sourceTree = "<group>";
		};
		9F9739C51D31C99500CA28C3 /* layout */ = {
			isa = PBXGroup;
			children = (
				9F9739C61D31C99500CA28C3 /* AppDelegate.swift */,
				9F9739C81D31C99500CA28C3 /* ViewController.swift */,
				9F9739CA1D31C99500CA28C3 /* Main.storyboard */,
				9F9739CD1D31C99500CA28C3 /* Assets.xcassets */,
				9F9739CF1D31C99500CA28C3 /* LaunchScreen.storyboard */,
				9F9739D21D31C99500CA28C3 /* Info.plist */,
			);
			path = layout;
			sourceTree = "<group>";
		};
		9F9739DA1D31C99500CA28C3 /* layoutTests */ = {
			isa = PBXGroup;
			children = (
				9F9739DB1D31C99500CA28C3 /* layoutTests.swift */,
				9F9739DD1D31C99500CA28C3 /* Info.plist */,
			);
			path = layoutTests;
			sourceTree = "<group>";
		};
		9F9739E51D31C99500CA28C3 /* layoutUITests */ = {
			isa = PBXGroup;
			children = (
				9F9739E61D31C99500CA28C3 /* layoutUITests.swift */,
				9F9739E81D31C99500CA28C3 /* Info.plist */,
			);
			path = layoutUITests;
			sourceTree = "<group>";
		};
/* End PBXGroup section */

/* Begin PBXNativeTarget section */
		9F9739C21D31C99500CA28C3 /* layout */ = {
			isa = PBXNativeTarget;
			buildConfigurationList = 9F9739EB1D31C99500CA28C3 /* Build configuration list for PBXNativeTarget "layout" */;
			buildPhases = (
				9F9739BF1D31C99500CA28C3 /* Sources */,
				9F9739C01D31C99500CA28C3 /* Frameworks */,
				9F9739C11D31C99500CA28C3 /* Resources */,
			);
			buildRules = (
			);
			dependencies = (
			);
			name = layout;
			productName = layout;
			productReference = 9F9739C31D31C99500CA28C3 /* layout.app */;
			productType = "com.apple.product-type.application";
		};
		9F9739D61D31C99500CA28C3 /* layoutTests */ = {
			isa = PBXNativeTarget;
			buildConfigurationList = 9F9739EE1D31C99500CA28C3 /* Build configuration list for PBXNativeTarget "layoutTests" */;
			buildPhases = (
				9F9739D31D31C99500CA28C3 /* Sources */,
				9F9739D41D31C99500CA28C3 /* Frameworks */,
				9F9739D51D31C99500CA28C3 /* Resources */,
			);
			buildRules = (
			);
			dependencies = (
				9F9739D91D31C99500CA28C3 /* PBXTargetDependency */,
			);
			name = layoutTests;
			productName = layoutTests;
			productReference = 9F9739D71D31C99500CA28C3 /* layoutTests.xctest */;
			productType = "com.apple.product-type.bundle.unit-test";
		};
		9F9739E11D31C99500CA28C3 /* layoutUITests */ = {
			isa = PBXNativeTarget;
			buildConfigurationList = 9F9739F11D31C99500CA28C3 /* Build configuration list for PBXNativeTarget "layoutUITests" */;
			buildPhases = (
				9F9739DE1D31C99500CA28C3 /* Sources */,
				9F9739DF1D31C99500CA28C3 /* Frameworks */,
				9F9739E01D31C99500CA28C3 /* Resources */,
			);
			buildRules = (
			);
			dependencies = (
				9F9739E41D31C99500CA28C3 /* PBXTargetDependency */,
			);
			name = layoutUITests;
			productName = layoutUITests;
			productReference = 9F9739E21D31C99500CA28C3 /* layoutUITests.xctest */;
			productType = "com.apple.product-type.bundle.ui-testing";
		};
/* End PBXNativeTarget section */

/* Begin PBXProject section */
		9F9739BB1D31C99500CA28C3 /* Project object */ = {
			isa = PBXProject;
			attributes = {
				LastSwiftUpdateCheck = 0730;
				LastUpgradeCheck = 0730;
				ORGANIZATIONNAME = yutian;
				TargetAttributes = {
					9F9739C21D31C99500CA28C3 = {
						CreatedOnToolsVersion = 7.3.1;
					};
					9F9739D61D31C99500CA28C3 = {
						CreatedOnToolsVersion = 7.3.1;
						TestTargetID = 9F9739C21D31C99500CA28C3;
					};
					9F9739E11D31C99500CA28C3 = {
						CreatedOnToolsVersion = 7.3.1;
						TestTargetID = 9F9739C21D31C99500CA28C3;
					};
				};
			};
			buildConfigurationList = 9F9739BE1D31C99500CA28C3 /* Build configuration list for PBXProject "layout" */;
			compatibilityVersion = "Xcode 3.2";
			developmentRegion = English;
			hasScannedForEncodings = 0;
			knownRegions = (
				en,
				Base,
			);
			mainGroup = 9F9739BA1D31C99500CA28C3;
			productRefGroup = 9F9739C41D31C99500CA28C3 /* Products */;
			projectDirPath = "";
			projectRoot = "";
			targets = (
				9F9739C21D31C99500CA28C3 /* layout */,
				9F9739D61D31C99500CA28C3 /* layoutTests */,
				9F9739E11D31C99500CA28C3 /* layoutUITests */,
			);
		};
/* End PBXProject section */

/* Begin PBXResourcesBuildPhase section */
		9F9739C11D31C99500CA28C3 /* Resources */ = {
			isa = PBXResourcesBuildPhase;
			buildActionMask = 2147483647;
			files = (
				9F9739D11D31C99500CA28C3 /* LaunchScreen.storyboard in Resources */,
				9F9739CE1D31C99500CA28C3 /* Assets.xcassets in Resources */,
				9F9739CC1D31C99500CA28C3 /* Main.storyboard in Resources */,
			);
			runOnlyForDeploymentPostprocessing = 0;
		};
		9F9739D51D31C99500CA28C3 /* Resources */ = {
			isa = PBXResourcesBuildPhase;
			buildActionMask = 2147483647;
			files = (
			);
			runOnlyForDeploymentPostprocessing = 0;
		};
		9F9739E01D31C99500CA28C3 /* Resources */ = {
			isa = PBXResourcesBuildPhase;
			buildActionMask = 2147483647;
			files = (
			);
			runOnlyForDeploymentPostprocessing = 0;
		};
/* End PBXResourcesBuildPhase section */

/* Begin PBXSourcesBuildPhase section */
		9F9739BF1D31C99500CA28C3 /* Sources */ = {
			isa = PBXSourcesBuildPhase;
			buildActionMask = 2147483647;
			files = (
				9F9739C91D31C99500CA28C3 /* ViewController.swift in Sources */,
				9F9739C71D31C99500CA28C3 /* AppDelegate.swift in Sources */,
			);
			runOnlyForDeploymentPostprocessing = 0;
		};
		9F9739D31D31C99500CA28C3 /* Sources */ = {
			isa = PBXSourcesBuildPhase;
			buildActionMask = 2147483647;
			files = (
				9F9739DC1D31C99500CA28C3 /* layoutTests.swift in Sources */,
			);
			runOnlyForDeploymentPostprocessing = 0;
		};
		9F9739DE1D31C99500CA28C3 /* Sources */ = {
			isa = PBXSourcesBuildPhase;
			buildActionMask = 2147483647;
			files = (
				9F9739E71D31C99500CA28C3 /* layoutUITests.swift in Sources */,
			);
			runOnlyForDeploymentPostprocessing = 0;
		};
/* End PBXSourcesBuildPhase section */

/* Begin PBXTargetDependency section */
		9F9739D91D31C99500CA28C3 /* PBXTargetDependency */ = {
			isa = PBXTargetDependency;
			target = 9F9739C21D31C99500CA28C3 /* layout */;
			targetProxy = 9F9739D81D31C99500CA28C3 /* PBXContainerItemProxy */;
		};
		9F9739E41D31C99500CA28C3 /* PBXTargetDependency */ = {
			isa = PBXTargetDependency;
			target = 9F9739C21D31C99500CA28C3 /* layout */;
			targetProxy = 9F9739E31D31C99500CA28C3 /* PBXContainerItemProxy */;
		};
/* End PBXTargetDependency section */

/* Begin PBXVariantGroup section */
		9F9739CA1D31C99500CA28C3 /* Main.storyboard */ = {
			isa = PBXVariantGroup;
			children = (
				9F9739CB1D31C99500CA28C3 /* Base */,
			);
			name = Main.storyboard;
			sourceTree = "<group>";
		};
		9F9739CF1D31C99500CA28C3 /* LaunchScreen.storyboard */ = {
			isa = PBXVariantGroup;
			children = (
				9F9739D01D31C99500CA28C3 /* Base */,
			);
			name = LaunchScreen.storyboard;
			sourceTree = "<group>";
		};
/* End PBXVariantGroup section */

/* Begin XCBuildConfiguration section */
		9F9739E91D31C99500CA28C3 /* Debug */ = {
			isa = XCBuildConfiguration;
			buildSettings = {
				ALWAYS_SEARCH_USER_PATHS = NO;
				CLANG_ANALYZER_NONNULL = YES;
				CLANG_CXX_LANGUAGE_STANDARD = "gnu++0x";
				CLANG_CXX_LIBRARY = "libc++";
				CLANG_ENABLE_MODULES = YES;
				CLANG_ENABLE_OBJC_ARC = YES;
				CLANG_WARN_BOOL_CONVERSION = YES;
				CLANG_WARN_CONSTANT_CONVERSION = YES;
				CLANG_WARN_DIRECT_OBJC_ISA_USAGE = YES_ERROR;
				CLANG_WARN_EMPTY_BODY = YES;
				CLANG_WARN_ENUM_CONVERSION = YES;
				CLANG_WARN_INT_CONVERSION = YES;
				CLANG_WARN_OBJC_ROOT_CLASS = YES_ERROR;
				CLANG_WARN_UNREACHABLE_CODE = YES;
				CLANG_WARN__DUPLICATE_METHOD_MATCH = YES;
				"CODE_SIGN_IDENTITY[sdk=iphoneos*]" = "iPhone Developer";
				COPY_PHASE_STRIP = NO;
				DEBUG_INFORMATION_FORMAT = dwarf;
				ENABLE_STRICT_OBJC_MSGSEND = YES;
				ENABLE_TESTABILITY = YES;
				GCC_C_LANGUAGE_STANDARD = gnu99;
				GCC_DYNAMIC_NO_PIC = NO;
				GCC_NO_COMMON_BLOCKS = YES;
				GCC_OPTIMIZATION_LEVEL = 0;
				GCC_PREPROCESSOR_DEFINITIONS = (
					"DEBUG=1",
					"$(inherited)",
				);
				GCC_WARN_64_TO_32_BIT_CONVERSION = YES;
				GCC_WARN_ABOUT_RETURN_TYPE = YES_ERROR;
				GCC_WARN_UNDECLARED_SELECTOR = YES;
				GCC_WARN_UNINITIALIZED_AUTOS = YES_AGGRESSIVE;
				GCC_WARN_UNUSED_FUNCTION = YES;
				GCC_WARN_UNUSED_VARIABLE = YES;
				IPHONEOS_DEPLOYMENT_TARGET = 9.3;
				MTL_ENABLE_DEBUG_INFO = YES;
				ONLY_ACTIVE_ARCH = YES;
				SDKROOT = iphoneos;
				SWIFT_OPTIMIZATION_LEVEL = "-Onone";
			};
			name = Debug;
		};
		9F9739EA1D31C99500CA28C3 /* Release */ = {
			isa = XCBuildConfiguration;
			buildSettings = {
				ALWAYS_SEARCH_USER_PATHS = NO;
				CLANG_ANALYZER_NONNULL = YES;
				CLANG_CXX_LANGUAGE_STANDARD = "gnu++0x";
				CLANG_CXX_LIBRARY = "libc++";
				CLANG_ENABLE_MODULES = YES;
				CLANG_ENABLE_OBJC_ARC = YES;
				CLANG_WARN_BOOL_CONVERSION = YES;
				CLANG_WARN_CONSTANT_CONVERSION = YES;
				CLANG_WARN_DIRECT_OBJC_ISA_USAGE = YES_ERROR;
				CLANG_WARN_EMPTY_BODY = YES;
				CLANG_WARN_ENUM_CONVERSION = YES;
				CLANG_WARN_INT_CONVERSION = YES;
				CLANG_WARN_OBJC_ROOT_CLASS = YES_ERROR;
				CLANG_WARN_UNREACHABLE_CODE = YES;
				CLANG_WARN__DUPLICATE_METHOD_MATCH = YES;
				"CODE_SIGN_IDENTITY[sdk=iphoneos*]" = "iPhone Developer";
				COPY_PHASE_STRIP = NO;
				DEBUG_INFORMATION_FORMAT = "dwarf-with-dsym";
				ENABLE_NS_ASSERTIONS = NO;
				ENABLE_STRICT_OBJC_MSGSEND = YES;
				GCC_C_LANGUAGE_STANDARD = gnu99;
				GCC_NO_COMMON_BLOCKS = YES;
				GCC_WARN_64_TO_32_BIT_CONVERSION = YES;
				GCC_WARN_ABOUT_RETURN_TYPE = YES_ERROR;
				GCC_WARN_UNDECLARED_SELECTOR = YES;
				GCC_WARN_UNINITIALIZED_AUTOS = YES_AGGRESSIVE;
				GCC_WARN_UNUSED_FUNCTION = YES;
				GCC_WARN_UNUSED_VARIABLE = YES;
				IPHONEOS_DEPLOYMENT_TARGET = 9.3;
				MTL_ENABLE_DEBUG_INFO = NO;
				SDKROOT = iphoneos;
				VALIDATE_PRODUCT = YES;
			};
			name = Release;
		};
		9F9739EC1D31C99500CA28C3 /* Debug */ = {
			isa = XCBuildConfiguration;
			buildSettings = {
				ASSETCATALOG_COMPILER_APPICON_NAME = AppIcon;
				INFOPLIST_FILE = layout/Info.plist;
				LD_RUNPATH_SEARCH_PATHS = "$(inherited) @executable_path/Frameworks";
				PRODUCT_BUNDLE_IDENTIFIER = com.yutian.struts.layout;
				PRODUCT_NAME = "$(TARGET_NAME)";
			};
			name = Debug;
		};
		9F9739ED1D31C99500CA28C3 /* Release */ = {
			isa = XCBuildConfiguration;
			buildSettings = {
				ASSETCATALOG_COMPILER_APPICON_NAME = AppIcon;
				INFOPLIST_FILE = layout/Info.plist;
				LD_RUNPATH_SEARCH_PATHS = "$(inherited) @executable_path/Frameworks";
				PRODUCT_BUNDLE_IDENTIFIER = com.yutian.struts.layout;
				PRODUCT_NAME = "$(TARGET_NAME)";
			};
			name = Release;
		};
		9F9739EF1D31C99500CA28C3 /* Debug */ = {
			isa = XCBuildConfiguration;
			buildSettings = {
				BUNDLE_LOADER = "$(TEST_HOST)";
				INFOPLIST_FILE = layoutTests/Info.plist;
				LD_RUNPATH_SEARCH_PATHS = "$(inherited) @executable_path/Frameworks @loader_path/Frameworks";
				PRODUCT_BUNDLE_IDENTIFIER = com.yutian.struts.layoutTests;
				PRODUCT_NAME = "$(TARGET_NAME)";
				TEST_HOST = "$(BUILT_PRODUCTS_DIR)/layout.app/layout";
			};
			name = Debug;
		};
		9F9739F01D31C99500CA28C3 /* Release */ = {
			isa = XCBuildConfiguration;
			buildSettings = {
				BUNDLE_LOADER = "$(TEST_HOST)";
				INFOPLIST_FILE = layoutTests/Info.plist;
				LD_RUNPATH_SEARCH_PATHS = "$(inherited) @executable_path/Frameworks @loader_path/Frameworks";
				PRODUCT_BUNDLE_IDENTIFIER = com.yutian.struts.layoutTests;
				PRODUCT_NAME = "$(TARGET_NAME)";
				TEST_HOST = "$(BUILT_PRODUCTS_DIR)/layout.app/layout";
			};
			name = Release;
		};
		9F9739F21D31C99500CA28C3 /* Debug */ = {
			isa = XCBuildConfiguration;
			buildSettings = {
				INFOPLIST_FILE = layoutUITests/Info.plist;
				LD_RUNPATH_SEARCH_PATHS = "$(inherited) @executable_path/Frameworks @loader_path/Frameworks";
				PRODUCT_BUNDLE_IDENTIFIER = com.yutian.struts.layoutUITests;
				PRODUCT_NAME = "$(TARGET_NAME)";
				TEST_TARGET_NAME = layout;
			};
			name = Debug;
		};
		9F9739F31D31C99500CA28C3 /* Release */ = {
			isa = XCBuildConfiguration;
			buildSettings = {
				INFOPLIST_FILE = layoutUITests/Info.plist;
				LD_RUNPATH_SEARCH_PATHS = "$(inherited) @executable_path/Frameworks @loader_path/Frameworks";
				PRODUCT_BUNDLE_IDENTIFIER = com.yutian.struts.layoutUITests;
				PRODUCT_NAME = "$(TARGET_NAME)";
				TEST_TARGET_NAME = layout;
			};
			name = Release;
		};
/* End XCBuildConfiguration section */

/* Begin XCConfigurationList section */
		9F9739BE1D31C99500CA28C3 /* Build configuration list for PBXProject "layout" */ = {
			isa = XCConfigurationList;
			buildConfigurations = (
				9F9739E91D31C99500CA28C3 /* Debug */,
				9F9739EA1D31C99500CA28C3 /* Release */,
			);
			defaultConfigurationIsVisible = 0;
			defaultConfigurationName = Release;
		};
		9F9739EB1D31C99500CA28C3 /* Build configuration list for PBXNativeTarget "layout" */ = {
			isa = XCConfigurationList;
			buildConfigurations = (
				9F9739EC1D31C99500CA28C3 /* Debug */,
				9F9739ED1D31C99500CA28C3 /* Release */,
			);
			defaultConfigurationIsVisible = 0;
		};
		9F9739EE1D31C99500CA28C3 /* Build configuration list for PBXNativeTarget "layoutTests" */ = {
			isa = XCConfigurationList;
			buildConfigurations = (
				9F9739EF1D31C99500CA28C3 /* Debug */,
				9F9739F01D31C99500CA28C3 /* Release */,
			);
			defaultConfigurationIsVisible = 0;
		};
		9F9739F11D31C99500CA28C3 /* Build configuration list for PBXNativeTarget "layoutUITests" */ = {
			isa = XCConfigurationList;
			buildConfigurations = (
				9F9739F21D31C99500CA28C3 /* Debug */,
				9F9739F31D31C99500CA28C3 /* Release */,
			);
			defaultConfigurationIsVisible = 0;
		};
/* End XCConfigurationList section */
	};
	rootObject = 9F9739BB1D31C99500CA28C3 /* Project object */;
}
